
Microsoft Visual Studio Solution File, Format Version 12.00
# Visual Studio 15
VisualStudioVersion = 15.0.26124.0
MinimumVisualStudioVersion = 15.0.26124.0
Project("{FAE04EC0-301F-11D3-BF4B-00C04F79EFBC}") = "web", "Web\web.csproj", "{E1C562B1-51D3-4DC3-B75A-B74322F195C2}"
EndProject
Project("{FAE04EC0-301F-11D3-BF4B-00C04F79EFBC}") = "Web.Tests", "Web.Tests\Web.Tests.csproj", "{31E9AECD-0633-4218-8CEC-9665DEEB536E}"
EndProject
Global
	GlobalSection(SolutionConfigurationPlatforms) = preSolution
		Debug|Any CPU = Debug|Any CPU
		Debug|x64 = Debug|x64
		Debug|x86 = Debug|x86
		Release|Any CPU = Release|Any CPU
		Release|x64 = Release|x64
		Release|x86 = Release|x86
	EndGlobalSection
	GlobalSection(SolutionProperties) = preSolution
		HideSolutionNode = FALSE
	EndGlobalSection
	GlobalSection(ProjectConfigurationPlatforms) = postSolution
		{E1C562B1-51D3-4DC3-B75A-B74322F195C2}.Debug|Any CPU.ActiveCfg = Debug|Any CPU
		{E1C562B1-51D3-4DC3-B75A-B74322F195C2}.Debug|Any CPU.Build.0 = Debug|Any CPU
		{E1C562B1-51D3-4DC3-B75A-B74322F195C2}.Debug|x64.ActiveCfg = Debug|x64
		{E1C562B1-51D3-4DC3-B75A-B74322F195C2}.Debug|x64.Build.0 = Debug|x64
		{E1C562B1-51D3-4DC3-B75A-B74322F195C2}.Debug|x86.ActiveCfg = Debug|x86
		{E1C562B1-51D3-4DC3-B75A-B74322F195C2}.Debug|x86.Build.0 = Debug|x86
		{E1C562B1-51D3-4DC3-B75A-B74322F195C2}.Release|Any CPU.ActiveCfg = Release|Any CPU
		{E1C562B1-51D3-4DC3-B75A-B74322F195C2}.Release|Any CPU.Build.0 = Release|Any CPU
		{E1C562B1-51D3-4DC3-B75A-B74322F195C2}.Release|x64.ActiveCfg = Release|x64
		{E1C562B1-51D3-4DC3-B75A-B74322F195C2}.Release|x64.Build.0 = Release|x64
		{E1C562B1-51D3-4DC3-B75A-B74322F195C2}.Release|x86.ActiveCfg = Release|x86
		{E1C562B1-51D3-4DC3-B75A-B74322F195C2}.Release|x86.Build.0 = Release|x86
		{31E9AECD-0633-4218-8CEC-9665DEEB536E}.Debug|Any CPU.ActiveCfg = Debug|Any CPU
		{31E9AECD-0633-4218-8CEC-9665DEEB536E}.Debug|Any CPU.Build.0 = Debug|Any CPU
		{31E9AECD-0633-4218-8CEC-9665DEEB536E}.Debug|x64.ActiveCfg = Debug|x64
		{31E9AECD-0633-4218-8CEC-9665DEEB536E}.Debug|x64.Build.0 = Debug|x64
		{31E9AECD-0633-4218-8CEC-9665DEEB536E}.Debug|x86.ActiveCfg = Debug|x86
		{31E9AECD-0633-4218-8CEC-9665DEEB536E}.Debug|x86.Build.0 = Debug|x86
		{31E9AECD-0633-4218-8CEC-9665DEEB536E}.Release|Any CPU.ActiveCfg = Release|Any CPU
		{31E9AECD-0633-4218-8CEC-9665DEEB536E}.Release|Any CPU.Build.0 = Release|Any CPU
		{31E9AECD-0633-4218-8CEC-9665DEEB536E}.Release|x64.ActiveCfg = Release|x64
		{31E9AECD-0633-4218-8CEC-9665DEEB536E}.Release|x64.Build.0 = Release|x64
		{31E9AECD-0633-4218-8CEC-9665DEEB536E}.Release|x86.ActiveCfg = Release|x86
		{31E9AECD-0633-4218-8CEC-9665DEEB536E}.Release|x86.Build.0 = Release|x86
	EndGlobalSection
EndGlobal
